
Microsoft Visual Studio Solution File, Format Version 12.00
# Visual Studio Version 16
VisualStudioVersion = 16.0.30002.166
MinimumVisualStudioVersion = 10.0.40219.1
Project("{FAE04EC0-301F-11D3-BF4B-00C04F79EFBC}") = "PassManager", "PassManager.csproj", "{FD2F9D7E-FB41-40CD-8F90-5F22CC266560}"
EndProject
Project("{2150E333-8FDC-42A3-9474-1A3956D46DE8}") = "Aparences", "Aparences", "{7BA08DAE-573B-444F-9058-C66CB3A2951C}"
	ProjectSection(SolutionItems) = preProject
		FrmLogin.cs = FrmLogin.cs
		FrmLogin.Designer.cs = FrmLogin.Designer.cs
		FrmLogin.resx = FrmLogin.resx
	EndProjectSection
EndProject
Global
	GlobalSection(SolutionConfigurationPlatforms) = preSolution
		Debug|Any CPU = Debug|Any CPU
		Release|Any CPU = Release|Any CPU
	EndGlobalSection
	GlobalSection(ProjectConfigurationPlatforms) = postSolution
		{FD2F9D7E-FB41-40CD-8F90-5F22CC266560}.Debug|Any CPU.ActiveCfg = Debug|Any CPU
		{FD2F9D7E-FB41-40CD-8F90-5F22CC266560}.Debug|Any CPU.Build.0 = Debug|Any CPU
		{FD2F9D7E-FB41-40CD-8F90-5F22CC266560}.Release|Any CPU.ActiveCfg = Release|Any CPU
		{FD2F9D7E-FB41-40CD-8F90-5F22CC266560}.Release|Any CPU.Build.0 = Release|Any CPU
	EndGlobalSection
	GlobalSection(SolutionProperties) = preSolution
		HideSolutionNode = FALSE
	EndGlobalSection
	GlobalSection(ExtensibilityGlobals) = postSolution
		SolutionGuid = {CA325335-FC0E-48A2-96AB-5556788279A0}
	EndGlobalSection
EndGlobal
